
Microsoft Visual Studio Solution File, Format Version 12.00
# Visual Studio Version 17
VisualStudioVersion = 17.14.36623.8
MinimumVisualStudioVersion = 10.0.40219.1
Project("{FAE04EC0-301F-11D3-BF4B-00C04F79EFBC}") = "ListExtensions", "TestListExtensions\ListExtensions.csproj", "{B69FEF02-B44D-4D6D-82D5-B6FCEACF780B}"
EndProject
Project("{FAE04EC0-301F-11D3-BF4B-00C04F79EFBC}") = "Unit tests", "Unit tests\Unit tests.csproj", "{A29F4D50-167E-40CB-BB27-18294F1CF4C2}"
EndProject
Global
	GlobalSection(SolutionConfigurationPlatforms) = preSolution
		Debug|Any CPU = Debug|Any CPU
		Release|Any CPU = Release|Any CPU
	EndGlobalSection
	GlobalSection(ProjectConfigurationPlatforms) = postSolution
		{B69FEF02-B44D-4D6D-82D5-B6FCEACF780B}.Debug|Any CPU.ActiveCfg = Debug|Any CPU
		{B69FEF02-B44D-4D6D-82D5-B6FCEACF780B}.Debug|Any CPU.Build.0 = Debug|Any CPU
		{B69FEF02-B44D-4D6D-82D5-B6FCEACF780B}.Release|Any CPU.ActiveCfg = Release|Any CPU
		{B69FEF02-B44D-4D6D-82D5-B6FCEACF780B}.Release|Any CPU.Build.0 = Release|Any CPU
		{A29F4D50-167E-40CB-BB27-18294F1CF4C2}.Debug|Any CPU.ActiveCfg = Debug|Any CPU
		{A29F4D50-167E-40CB-BB27-18294F1CF4C2}.Debug|Any CPU.Build.0 = Debug|Any CPU
		{A29F4D50-167E-40CB-BB27-18294F1CF4C2}.Release|Any CPU.ActiveCfg = Release|Any CPU
		{A29F4D50-167E-40CB-BB27-18294F1CF4C2}.Release|Any CPU.Build.0 = Release|Any CPU
	EndGlobalSection
	GlobalSection(SolutionProperties) = preSolution
		HideSolutionNode = FALSE
	EndGlobalSection
	GlobalSection(ExtensibilityGlobals) = postSolution
		SolutionGuid = {F30657FC-39D1-45F4-B3AD-89B829DB07EE}
	EndGlobalSection
EndGlobal
